
Microsoft Visual Studio Solution File, Format Version 12.00
# Visual Studio Version 16
VisualStudioVersion = 16.0.29519.181
MinimumVisualStudioVersion = 10.0.40219.1
Project("{9A19103F-16F7-4668-BE54-9A1E7A4F7556}") = "Nop.Web.Blazor.Server", "Nop.Web.Blazor\Server\Nop.Web.Blazor.Server.csproj", "{BB488AD4-601A-44D6-87B3-5E251CC6B4C6}"
EndProject
Project("{9A19103F-16F7-4668-BE54-9A1E7A4F7556}") = "Nop.Web.Blazor.Client", "Nop.Web.Blazor\Client\Nop.Web.Blazor.Client.csproj", "{2CD39B42-F1F2-4815-8240-080F25B0DA62}"
EndProject
Project("{9A19103F-16F7-4668-BE54-9A1E7A4F7556}") = "Nop.Web.Blazor.Shared", "Nop.Web.Blazor\Shared\Nop.Web.Blazor.Shared.csproj", "{0E5AECB8-3D88-425A-A807-AEC5A9643527}"
EndProject
Global
	GlobalSection(SolutionConfigurationPlatforms) = preSolution
		Debug|Any CPU = Debug|Any CPU
		Debug|Mixed Platforms = Debug|Mixed Platforms
		Debug|x86 = Debug|x86
		Release|Any CPU = Release|Any CPU
		Release|Mixed Platforms = Release|Mixed Platforms
		Release|x86 = Release|x86
	EndGlobalSection
	GlobalSection(ProjectConfigurationPlatforms) = postSolution
		{BB488AD4-601A-44D6-87B3-5E251CC6B4C6}.Debug|Any CPU.ActiveCfg = Debug|Any CPU
		{BB488AD4-601A-44D6-87B3-5E251CC6B4C6}.Debug|Any CPU.Build.0 = Debug|Any CPU
		{BB488AD4-601A-44D6-87B3-5E251CC6B4C6}.Debug|Mixed Platforms.ActiveCfg = Debug|Any CPU
		{BB488AD4-601A-44D6-87B3-5E251CC6B4C6}.Debug|Mixed Platforms.Build.0 = Debug|Any CPU
		{BB488AD4-601A-44D6-87B3-5E251CC6B4C6}.Debug|x86.ActiveCfg = Debug|Any CPU
		{BB488AD4-601A-44D6-87B3-5E251CC6B4C6}.Debug|x86.Build.0 = Debug|Any CPU
		{BB488AD4-601A-44D6-87B3-5E251CC6B4C6}.Release|Any CPU.ActiveCfg = Release|Any CPU
		{BB488AD4-601A-44D6-87B3-5E251CC6B4C6}.Release|Any CPU.Build.0 = Release|Any CPU
		{BB488AD4-601A-44D6-87B3-5E251CC6B4C6}.Release|Mixed Platforms.ActiveCfg = Release|Any CPU
		{BB488AD4-601A-44D6-87B3-5E251CC6B4C6}.Release|Mixed Platforms.Build.0 = Release|Any CPU
		{BB488AD4-601A-44D6-87B3-5E251CC6B4C6}.Release|x86.ActiveCfg = Release|Any CPU
		{BB488AD4-601A-44D6-87B3-5E251CC6B4C6}.Release|x86.Build.0 = Release|Any CPU
		{2CD39B42-F1F2-4815-8240-080F25B0DA62}.Debug|Any CPU.ActiveCfg = Debug|Any CPU
		{2CD39B42-F1F2-4815-8240-080F25B0DA62}.Debug|Any CPU.Build.0 = Debug|Any CPU
		{2CD39B42-F1F2-4815-8240-080F25B0DA62}.Debug|Mixed Platforms.ActiveCfg = Debug|Any CPU
		{2CD39B42-F1F2-4815-8240-080F25B0DA62}.Debug|Mixed Platforms.Build.0 = Debug|Any CPU
		{2CD39B42-F1F2-4815-8240-080F25B0DA62}.Debug|x86.ActiveCfg = Debug|Any CPU
		{2CD39B42-F1F2-4815-8240-080F25B0DA62}.Debug|x86.Build.0 = Debug|Any CPU
		{2CD39B42-F1F2-4815-8240-080F25B0DA62}.Release|Any CPU.ActiveCfg = Release|Any CPU
		{2CD39B42-F1F2-4815-8240-080F25B0DA62}.Release|Any CPU.Build.0 = Release|Any CPU
		{2CD39B42-F1F2-4815-8240-080F25B0DA62}.Release|Mixed Platforms.ActiveCfg = Release|Any CPU
		{2CD39B42-F1F2-4815-8240-080F25B0DA62}.Release|Mixed Platforms.Build.0 = Release|Any CPU
		{2CD39B42-F1F2-4815-8240-080F25B0DA62}.Release|x86.ActiveCfg = Release|Any CPU
		{2CD39B42-F1F2-4815-8240-080F25B0DA62}.Release|x86.Build.0 = Release|Any CPU
		{0E5AECB8-3D88-425A-A807-AEC5A9643527}.Debug|Any CPU.ActiveCfg = Debug|Any CPU
		{0E5AECB8-3D88-425A-A807-AEC5A9643527}.Debug|Any CPU.Build.0 = Debug|Any CPU
		{0E5AECB8-3D88-425A-A807-AEC5A9643527}.Debug|Mixed Platforms.ActiveCfg = Debug|Any CPU
		{0E5AECB8-3D88-425A-A807-AEC5A9643527}.Debug|Mixed Platforms.Build.0 = Debug|Any CPU
		{0E5AECB8-3D88-425A-A807-AEC5A9643527}.Debug|x86.ActiveCfg = Debug|Any CPU
		{0E5AECB8-3D88-425A-A807-AEC5A9643527}.Debug|x86.Build.0 = Debug|Any CPU
		{0E5AECB8-3D88-425A-A807-AEC5A9643527}.Release|Any CPU.ActiveCfg = Release|Any CPU
		{0E5AECB8-3D88-425A-A807-AEC5A9643527}.Release|Any CPU.Build.0 = Release|Any CPU
		{0E5AECB8-3D88-425A-A807-AEC5A9643527}.Release|Mixed Platforms.ActiveCfg = Release|Any CPU
		{0E5AECB8-3D88-425A-A807-AEC5A9643527}.Release|Mixed Platforms.Build.0 = Release|Any CPU
		{0E5AECB8-3D88-425A-A807-AEC5A9643527}.Release|x86.ActiveCfg = Release|Any CPU
		{0E5AECB8-3D88-425A-A807-AEC5A9643527}.Release|x86.Build.0 = Release|Any CPU
	EndGlobalSection
	GlobalSection(SolutionProperties) = preSolution
		HideSolutionNode = FALSE
	EndGlobalSection
	GlobalSection(ExtensibilityGlobals) = postSolution
		SolutionGuid = {EE72A8B2-332A-4175-9319-6726D36E9D25}
	EndGlobalSection
	GlobalSection(NDepend) = preSolution
		Project = ".\NopCommerce.ndproj"
	EndGlobalSection
EndGlobal
