
Microsoft Visual Studio Solution File, Format Version 12.00
# Visual Studio Version 16
VisualStudioVersion = 16.0.29519.181
MinimumVisualStudioVersion = 10.0.40219.1
Project("{2150E333-8FDC-42A3-9474-1A3956D46DE8}") = "Libraries", "Libraries", "{E4ACA93B-D3DE-4557-B069-F1DB42925A4B}"
EndProject
Project("{2150E333-8FDC-42A3-9474-1A3956D46DE8}") = "Presentation", "Presentation", "{B09156FB-8291-46A2-AF37-67CE97CFB5A6}"
EndProject
Project("{2150E333-8FDC-42A3-9474-1A3956D46DE8}") = "Plugins", "Plugins", "{7881B112-7843-4542-B1F7-F99553FB9BB7}"
EndProject
Project("{9A19103F-16F7-4668-BE54-9A1E7A4F7556}") = "Nop.Web", "Presentation\Nop.Web\Nop.Web.csproj", "{4F1F649C-1020-45BE-A487-F416D9297FF3}"
EndProject
Project("{9A19103F-16F7-4668-BE54-9A1E7A4F7556}") = "Nop.Core", "Libraries\Nop.Core\Nop.Core.csproj", "{6BDA8332-939F-45B7-A25E-7A797260AE59}"
EndProject
Project("{9A19103F-16F7-4668-BE54-9A1E7A4F7556}") = "Nop.Data", "Libraries\Nop.Data\Nop.Data.csproj", "{CCD7F2C9-6A2C-4CF0-8E89-076B8FC0F144}"
EndProject
Project("{9A19103F-16F7-4668-BE54-9A1E7A4F7556}") = "Nop.Services", "Libraries\Nop.Services\Nop.Services.csproj", "{210541AD-F659-47DA-8763-16F36C5CD2F4}"
EndProject
Project("{9A19103F-16F7-4668-BE54-9A1E7A4F7556}") = "Nop.Web.Framework", "Presentation\Nop.Web.Framework\Nop.Web.Framework.csproj", "{75FD4163-333C-4DD5-854D-2EF294E45D94}"
EndProject
Project("{9A19103F-16F7-4668-BE54-9A1E7A4F7556}") = "Nop.Plugin.Misc.Sendinblue", "Plugins\Nop.Plugin.Misc.Sendinblue\Nop.Plugin.Misc.Sendinblue.csproj", "{A975AC2E-CA51-4B65-9FEC-661C1AADD337}"
EndProject
Project("{9A19103F-16F7-4668-BE54-9A1E7A4F7556}") = "Nop.Plugin.Misc.Kozijnen", "Plugins\Nop.Plugin.Misc.Kozijnen\Nop.Plugin.Misc.Kozijnen.csproj", "{50BAE32B-CE92-4753-8D21-8DAEF3931F4E}"
EndProject
Project("{9A19103F-16F7-4668-BE54-9A1E7A4F7556}") = "Nop.Plugin.Tax.FixedOrByCountryStateZip", "Plugins\Nop.Plugin.Tax.FixedOrByCountryStateZip\Nop.Plugin.Tax.FixedOrByCountryStateZip.csproj", "{4839714E-7D09-4F14-BC66-B5EA282F2AA1}"
EndProject
Project("{9A19103F-16F7-4668-BE54-9A1E7A4F7556}") = "Nop.Debugger", "Nop.Debugger\Nop.Debugger.csproj", "{57C7E7D3-84DD-4356-9648-C5E16FBC89E2}"
EndProject
Project("{9A19103F-16F7-4668-BE54-9A1E7A4F7556}") = "Nop.Plugin.Misc.Settings", "Plugins\Nop.Plugin.Misc.Settings\Nop.Plugin.Misc.Settings.csproj", "{C96D1399-C0DA-4429-9D40-701A751E85C4}"
EndProject
Global
	GlobalSection(SolutionConfigurationPlatforms) = preSolution
		Debug|Any CPU = Debug|Any CPU
		Debug|Mixed Platforms = Debug|Mixed Platforms
		Debug|x86 = Debug|x86
		Release|Any CPU = Release|Any CPU
		Release|Mixed Platforms = Release|Mixed Platforms
		Release|x86 = Release|x86
	EndGlobalSection
	GlobalSection(ProjectConfigurationPlatforms) = postSolution
		{4F1F649C-1020-45BE-A487-F416D9297FF3}.Debug|Any CPU.ActiveCfg = Debug|Any CPU
		{4F1F649C-1020-45BE-A487-F416D9297FF3}.Debug|Any CPU.Build.0 = Debug|Any CPU
		{4F1F649C-1020-45BE-A487-F416D9297FF3}.Debug|Mixed Platforms.ActiveCfg = Debug|Any CPU
		{4F1F649C-1020-45BE-A487-F416D9297FF3}.Debug|Mixed Platforms.Build.0 = Debug|Any CPU
		{4F1F649C-1020-45BE-A487-F416D9297FF3}.Debug|x86.ActiveCfg = Debug|Any CPU
		{4F1F649C-1020-45BE-A487-F416D9297FF3}.Release|Any CPU.ActiveCfg = Release|Any CPU
		{4F1F649C-1020-45BE-A487-F416D9297FF3}.Release|Any CPU.Build.0 = Release|Any CPU
		{4F1F649C-1020-45BE-A487-F416D9297FF3}.Release|Mixed Platforms.ActiveCfg = Release|Any CPU
		{4F1F649C-1020-45BE-A487-F416D9297FF3}.Release|Mixed Platforms.Build.0 = Release|Any CPU
		{4F1F649C-1020-45BE-A487-F416D9297FF3}.Release|x86.ActiveCfg = Release|Any CPU
		{6BDA8332-939F-45B7-A25E-7A797260AE59}.Debug|Any CPU.ActiveCfg = Debug|Any CPU
		{6BDA8332-939F-45B7-A25E-7A797260AE59}.Debug|Any CPU.Build.0 = Debug|Any CPU
		{6BDA8332-939F-45B7-A25E-7A797260AE59}.Debug|Mixed Platforms.ActiveCfg = Debug|Any CPU
		{6BDA8332-939F-45B7-A25E-7A797260AE59}.Debug|Mixed Platforms.Build.0 = Debug|Any CPU
		{6BDA8332-939F-45B7-A25E-7A797260AE59}.Debug|x86.ActiveCfg = Debug|Any CPU
		{6BDA8332-939F-45B7-A25E-7A797260AE59}.Release|Any CPU.ActiveCfg = Release|Any CPU
		{6BDA8332-939F-45B7-A25E-7A797260AE59}.Release|Any CPU.Build.0 = Release|Any CPU
		{6BDA8332-939F-45B7-A25E-7A797260AE59}.Release|Mixed Platforms.ActiveCfg = Release|Any CPU
		{6BDA8332-939F-45B7-A25E-7A797260AE59}.Release|Mixed Platforms.Build.0 = Release|Any CPU
		{6BDA8332-939F-45B7-A25E-7A797260AE59}.Release|x86.ActiveCfg = Release|Any CPU
		{CCD7F2C9-6A2C-4CF0-8E89-076B8FC0F144}.Debug|Any CPU.ActiveCfg = Debug|Any CPU
		{CCD7F2C9-6A2C-4CF0-8E89-076B8FC0F144}.Debug|Any CPU.Build.0 = Debug|Any CPU
		{CCD7F2C9-6A2C-4CF0-8E89-076B8FC0F144}.Debug|Mixed Platforms.ActiveCfg = Debug|Any CPU
		{CCD7F2C9-6A2C-4CF0-8E89-076B8FC0F144}.Debug|Mixed Platforms.Build.0 = Debug|Any CPU
		{CCD7F2C9-6A2C-4CF0-8E89-076B8FC0F144}.Debug|x86.ActiveCfg = Debug|Any CPU
		{CCD7F2C9-6A2C-4CF0-8E89-076B8FC0F144}.Release|Any CPU.ActiveCfg = Release|Any CPU
		{CCD7F2C9-6A2C-4CF0-8E89-076B8FC0F144}.Release|Any CPU.Build.0 = Release|Any CPU
		{CCD7F2C9-6A2C-4CF0-8E89-076B8FC0F144}.Release|Mixed Platforms.ActiveCfg = Release|Any CPU
		{CCD7F2C9-6A2C-4CF0-8E89-076B8FC0F144}.Release|Mixed Platforms.Build.0 = Release|Any CPU
		{CCD7F2C9-6A2C-4CF0-8E89-076B8FC0F144}.Release|x86.ActiveCfg = Release|Any CPU
		{210541AD-F659-47DA-8763-16F36C5CD2F4}.Debug|Any CPU.ActiveCfg = Debug|Any CPU
		{210541AD-F659-47DA-8763-16F36C5CD2F4}.Debug|Any CPU.Build.0 = Debug|Any CPU
		{210541AD-F659-47DA-8763-16F36C5CD2F4}.Debug|Mixed Platforms.ActiveCfg = Debug|Any CPU
		{210541AD-F659-47DA-8763-16F36C5CD2F4}.Debug|Mixed Platforms.Build.0 = Debug|Any CPU
		{210541AD-F659-47DA-8763-16F36C5CD2F4}.Debug|x86.ActiveCfg = Debug|Any CPU
		{210541AD-F659-47DA-8763-16F36C5CD2F4}.Release|Any CPU.ActiveCfg = Release|Any CPU
		{210541AD-F659-47DA-8763-16F36C5CD2F4}.Release|Any CPU.Build.0 = Release|Any CPU
		{210541AD-F659-47DA-8763-16F36C5CD2F4}.Release|Mixed Platforms.ActiveCfg = Release|Any CPU
		{210541AD-F659-47DA-8763-16F36C5CD2F4}.Release|Mixed Platforms.Build.0 = Release|Any CPU
		{210541AD-F659-47DA-8763-16F36C5CD2F4}.Release|x86.ActiveCfg = Release|Any CPU
		{75FD4163-333C-4DD5-854D-2EF294E45D94}.Debug|Any CPU.ActiveCfg = Debug|Any CPU
		{75FD4163-333C-4DD5-854D-2EF294E45D94}.Debug|Any CPU.Build.0 = Debug|Any CPU
		{75FD4163-333C-4DD5-854D-2EF294E45D94}.Debug|Mixed Platforms.ActiveCfg = Debug|Any CPU
		{75FD4163-333C-4DD5-854D-2EF294E45D94}.Debug|Mixed Platforms.Build.0 = Debug|Any CPU
		{75FD4163-333C-4DD5-854D-2EF294E45D94}.Debug|x86.ActiveCfg = Debug|Any CPU
		{75FD4163-333C-4DD5-854D-2EF294E45D94}.Release|Any CPU.ActiveCfg = Release|Any CPU
		{75FD4163-333C-4DD5-854D-2EF294E45D94}.Release|Any CPU.Build.0 = Release|Any CPU
		{75FD4163-333C-4DD5-854D-2EF294E45D94}.Release|Mixed Platforms.ActiveCfg = Release|Any CPU
		{75FD4163-333C-4DD5-854D-2EF294E45D94}.Release|Mixed Platforms.Build.0 = Release|Any CPU
		{75FD4163-333C-4DD5-854D-2EF294E45D94}.Release|x86.ActiveCfg = Release|Any CPU
		{A975AC2E-CA51-4B65-9FEC-661C1AADD337}.Debug|Any CPU.ActiveCfg = Debug|Any CPU
		{A975AC2E-CA51-4B65-9FEC-661C1AADD337}.Debug|Any CPU.Build.0 = Debug|Any CPU
		{A975AC2E-CA51-4B65-9FEC-661C1AADD337}.Debug|Mixed Platforms.ActiveCfg = Debug|Any CPU
		{A975AC2E-CA51-4B65-9FEC-661C1AADD337}.Debug|Mixed Platforms.Build.0 = Debug|Any CPU
		{A975AC2E-CA51-4B65-9FEC-661C1AADD337}.Debug|x86.ActiveCfg = Debug|Any CPU
		{A975AC2E-CA51-4B65-9FEC-661C1AADD337}.Debug|x86.Build.0 = Debug|Any CPU
		{A975AC2E-CA51-4B65-9FEC-661C1AADD337}.Release|Any CPU.ActiveCfg = Release|Any CPU
		{A975AC2E-CA51-4B65-9FEC-661C1AADD337}.Release|Any CPU.Build.0 = Release|Any CPU
		{A975AC2E-CA51-4B65-9FEC-661C1AADD337}.Release|Mixed Platforms.ActiveCfg = Release|Any CPU
		{A975AC2E-CA51-4B65-9FEC-661C1AADD337}.Release|Mixed Platforms.Build.0 = Release|Any CPU
		{A975AC2E-CA51-4B65-9FEC-661C1AADD337}.Release|x86.ActiveCfg = Release|Any CPU
		{A975AC2E-CA51-4B65-9FEC-661C1AADD337}.Release|x86.Build.0 = Release|Any CPU
		{50BAE32B-CE92-4753-8D21-8DAEF3931F4E}.Debug|Any CPU.ActiveCfg = Debug|Any CPU
		{50BAE32B-CE92-4753-8D21-8DAEF3931F4E}.Debug|Any CPU.Build.0 = Debug|Any CPU
		{50BAE32B-CE92-4753-8D21-8DAEF3931F4E}.Debug|Mixed Platforms.ActiveCfg = Debug|Any CPU
		{50BAE32B-CE92-4753-8D21-8DAEF3931F4E}.Debug|Mixed Platforms.Build.0 = Debug|Any CPU
		{50BAE32B-CE92-4753-8D21-8DAEF3931F4E}.Debug|x86.ActiveCfg = Debug|Any CPU
		{50BAE32B-CE92-4753-8D21-8DAEF3931F4E}.Debug|x86.Build.0 = Debug|Any CPU
		{50BAE32B-CE92-4753-8D21-8DAEF3931F4E}.Release|Any CPU.ActiveCfg = Release|Any CPU
		{50BAE32B-CE92-4753-8D21-8DAEF3931F4E}.Release|Any CPU.Build.0 = Release|Any CPU
		{50BAE32B-CE92-4753-8D21-8DAEF3931F4E}.Release|Mixed Platforms.ActiveCfg = Release|Any CPU
		{50BAE32B-CE92-4753-8D21-8DAEF3931F4E}.Release|Mixed Platforms.Build.0 = Release|Any CPU
		{50BAE32B-CE92-4753-8D21-8DAEF3931F4E}.Release|x86.ActiveCfg = Release|Any CPU
		{50BAE32B-CE92-4753-8D21-8DAEF3931F4E}.Release|x86.Build.0 = Release|Any CPU
		{4839714E-7D09-4F14-BC66-B5EA282F2AA1}.Debug|Any CPU.ActiveCfg = Debug|Any CPU
		{4839714E-7D09-4F14-BC66-B5EA282F2AA1}.Debug|Any CPU.Build.0 = Debug|Any CPU
		{4839714E-7D09-4F14-BC66-B5EA282F2AA1}.Debug|Mixed Platforms.ActiveCfg = Debug|Any CPU
		{4839714E-7D09-4F14-BC66-B5EA282F2AA1}.Debug|Mixed Platforms.Build.0 = Debug|Any CPU
		{4839714E-7D09-4F14-BC66-B5EA282F2AA1}.Debug|x86.ActiveCfg = Debug|Any CPU
		{4839714E-7D09-4F14-BC66-B5EA282F2AA1}.Debug|x86.Build.0 = Debug|Any CPU
		{4839714E-7D09-4F14-BC66-B5EA282F2AA1}.Release|Any CPU.ActiveCfg = Release|Any CPU
		{4839714E-7D09-4F14-BC66-B5EA282F2AA1}.Release|Any CPU.Build.0 = Release|Any CPU
		{4839714E-7D09-4F14-BC66-B5EA282F2AA1}.Release|Mixed Platforms.ActiveCfg = Release|Any CPU
		{4839714E-7D09-4F14-BC66-B5EA282F2AA1}.Release|Mixed Platforms.Build.0 = Release|Any CPU
		{4839714E-7D09-4F14-BC66-B5EA282F2AA1}.Release|x86.ActiveCfg = Release|Any CPU
		{4839714E-7D09-4F14-BC66-B5EA282F2AA1}.Release|x86.Build.0 = Release|Any CPU
		{57C7E7D3-84DD-4356-9648-C5E16FBC89E2}.Debug|Any CPU.ActiveCfg = Debug|Any CPU
		{57C7E7D3-84DD-4356-9648-C5E16FBC89E2}.Debug|Any CPU.Build.0 = Debug|Any CPU
		{57C7E7D3-84DD-4356-9648-C5E16FBC89E2}.Debug|Mixed Platforms.ActiveCfg = Debug|Any CPU
		{57C7E7D3-84DD-4356-9648-C5E16FBC89E2}.Debug|Mixed Platforms.Build.0 = Debug|Any CPU
		{57C7E7D3-84DD-4356-9648-C5E16FBC89E2}.Debug|x86.ActiveCfg = Debug|Any CPU
		{57C7E7D3-84DD-4356-9648-C5E16FBC89E2}.Debug|x86.Build.0 = Debug|Any CPU
		{57C7E7D3-84DD-4356-9648-C5E16FBC89E2}.Release|Any CPU.ActiveCfg = Release|Any CPU
		{57C7E7D3-84DD-4356-9648-C5E16FBC89E2}.Release|Any CPU.Build.0 = Release|Any CPU
		{57C7E7D3-84DD-4356-9648-C5E16FBC89E2}.Release|Mixed Platforms.ActiveCfg = Release|Any CPU
		{57C7E7D3-84DD-4356-9648-C5E16FBC89E2}.Release|Mixed Platforms.Build.0 = Release|Any CPU
		{57C7E7D3-84DD-4356-9648-C5E16FBC89E2}.Release|x86.ActiveCfg = Release|Any CPU
		{57C7E7D3-84DD-4356-9648-C5E16FBC89E2}.Release|x86.Build.0 = Release|Any CPU
		{C96D1399-C0DA-4429-9D40-701A751E85C4}.Debug|Any CPU.ActiveCfg = Debug|Any CPU
		{C96D1399-C0DA-4429-9D40-701A751E85C4}.Debug|Any CPU.Build.0 = Debug|Any CPU
		{C96D1399-C0DA-4429-9D40-701A751E85C4}.Debug|Mixed Platforms.ActiveCfg = Debug|Any CPU
		{C96D1399-C0DA-4429-9D40-701A751E85C4}.Debug|Mixed Platforms.Build.0 = Debug|Any CPU
		{C96D1399-C0DA-4429-9D40-701A751E85C4}.Debug|x86.ActiveCfg = Debug|Any CPU
		{C96D1399-C0DA-4429-9D40-701A751E85C4}.Debug|x86.Build.0 = Debug|Any CPU
		{C96D1399-C0DA-4429-9D40-701A751E85C4}.Release|Any CPU.ActiveCfg = Release|Any CPU
		{C96D1399-C0DA-4429-9D40-701A751E85C4}.Release|Any CPU.Build.0 = Release|Any CPU
		{C96D1399-C0DA-4429-9D40-701A751E85C4}.Release|Mixed Platforms.ActiveCfg = Release|Any CPU
		{C96D1399-C0DA-4429-9D40-701A751E85C4}.Release|Mixed Platforms.Build.0 = Release|Any CPU
		{C96D1399-C0DA-4429-9D40-701A751E85C4}.Release|x86.ActiveCfg = Release|Any CPU
		{C96D1399-C0DA-4429-9D40-701A751E85C4}.Release|x86.Build.0 = Release|Any CPU
	EndGlobalSection
	GlobalSection(SolutionProperties) = preSolution
		HideSolutionNode = FALSE
	EndGlobalSection
	GlobalSection(NestedProjects) = preSolution
		{4F1F649C-1020-45BE-A487-F416D9297FF3} = {B09156FB-8291-46A2-AF37-67CE97CFB5A6}
		{6BDA8332-939F-45B7-A25E-7A797260AE59} = {E4ACA93B-D3DE-4557-B069-F1DB42925A4B}
		{CCD7F2C9-6A2C-4CF0-8E89-076B8FC0F144} = {E4ACA93B-D3DE-4557-B069-F1DB42925A4B}
		{210541AD-F659-47DA-8763-16F36C5CD2F4} = {E4ACA93B-D3DE-4557-B069-F1DB42925A4B}
		{75FD4163-333C-4DD5-854D-2EF294E45D94} = {B09156FB-8291-46A2-AF37-67CE97CFB5A6}
		{A975AC2E-CA51-4B65-9FEC-661C1AADD337} = {7881B112-7843-4542-B1F7-F99553FB9BB7}
		{50BAE32B-CE92-4753-8D21-8DAEF3931F4E} = {7881B112-7843-4542-B1F7-F99553FB9BB7}
		{4839714E-7D09-4F14-BC66-B5EA282F2AA1} = {7881B112-7843-4542-B1F7-F99553FB9BB7}
		{57C7E7D3-84DD-4356-9648-C5E16FBC89E2} = {B09156FB-8291-46A2-AF37-67CE97CFB5A6}
		{C96D1399-C0DA-4429-9D40-701A751E85C4} = {7881B112-7843-4542-B1F7-F99553FB9BB7}
	EndGlobalSection
	GlobalSection(ExtensibilityGlobals) = postSolution
		SolutionGuid = {EE72A8B2-332A-4175-9319-6726D36E9D25}
	EndGlobalSection
	GlobalSection(NDepend) = preSolution
		Project = ".\NopCommerce.ndproj"
	EndGlobalSection
EndGlobal
